// !$*UTF8*$!
{
	archiveVersion = 1;
	classes = {
	};
	objectVersion = 46;
	objects = {

/* Begin PBXBuildFile section */
		7D19EC9213ABF26600C4091D /* background.png in Resources */ = {isa = PBXBuildFile; fileRef = 7D19EC9113ABF26600C4091D /* background.png */; };
		7D19EC9413ABF49E00C4091D /* CoolButtons.xib in Resources */ = {isa = PBXBuildFile; fileRef = 7D19EC9313ABF49E00C4091D /* CoolButtons.xib */; };
		7D19EC9713ABF6B300C4091D /* header.png in Resources */ = {isa = PBXBuildFile; fileRef = 7D19EC9513ABF6B300C4091D /* header.png */; };
		7D19EC9813ABF6B300C4091D /* header@2x.png in Resources */ = {isa = PBXBuildFile; fileRef = 7D19EC9613ABF6B300C4091D /* header@2x.png */; };
		7D19EC9B13AC2C0C00C4091D /* color_popover_bg.png in Resources */ = {isa = PBXBuildFile; fileRef = 7D19EC9913AC2C0C00C4091D /* color_popover_bg.png */; };
		7D19EC9C13AC2C0C00C4091D /* color_popover_bg@2x.png in Resources */ = {isa = PBXBuildFile; fileRef = 7D19EC9A13AC2C0C00C4091D /* color_popover_bg@2x.png */; };
		7D19EC9F13AC2DA500C4091D /* drop_shadow_bg.png in Resources */ = {isa = PBXBuildFile; fileRef = 7D19EC9D13AC2DA500C4091D /* drop_shadow_bg.png */; };
		7D19ECA013AC2DA500C4091D /* drop_shadow_bg@2x.png in Resources */ = {isa = PBXBuildFile; fileRef = 7D19EC9E13AC2DA500C4091D /* drop_shadow_bg@2x.png */; };
		7D19ECA913AC351E00C4091D /* blue_slider_min_image.png in Resources */ = {isa = PBXBuildFile; fileRef = 7D19ECA113AC351E00C4091D /* blue_slider_min_image.png */; };
		7D19ECAA13AC351E00C4091D /* blue_slider_min_image@2x.png in Resources */ = {isa = PBXBuildFile; fileRef = 7D19ECA213AC351E00C4091D /* blue_slider_min_image@2x.png */; };
		7D19ECAB13AC351E00C4091D /* green_slider_min_image.png in Resources */ = {isa = PBXBuildFile; fileRef = 7D19ECA313AC351E00C4091D /* green_slider_min_image.png */; };
		7D19ECAC13AC351E00C4091D /* green_slider_min_image@2x.png in Resources */ = {isa = PBXBuildFile; fileRef = 7D19ECA413AC351E00C4091D /* green_slider_min_image@2x.png */; };
		7D19ECAD13AC351E00C4091D /* grey_slider_max_image.png in Resources */ = {isa = PBXBuildFile; fileRef = 7D19ECA513AC351E00C4091D /* grey_slider_max_image.png */; };
		7D19ECAE13AC351E00C4091D /* grey_slider_max_image@2x.png in Resources */ = {isa = PBXBuildFile; fileRef = 7D19ECA613AC351E00C4091D /* grey_slider_max_image@2x.png */; };
		7D19ECAF13AC351E00C4091D /* red_slider_min_image.png in Resources */ = {isa = PBXBuildFile; fileRef = 7D19ECA713AC351E00C4091D /* red_slider_min_image.png */; };
		7D19ECB013AC351E00C4091D /* red_slider_min_image@2x.png in Resources */ = {isa = PBXBuildFile; fileRef = 7D19ECA813AC351E00C4091D /* red_slider_min_image@2x.png */; };
		7D19ECB713AC427F00C4091D /* letter_b.png in Resources */ = {isa = PBXBuildFile; fileRef = 7D19ECB113AC427D00C4091D /* letter_b.png */; };
		7D19ECB813AC427F00C4091D /* letter_b@2x.png in Resources */ = {isa = PBXBuildFile; fileRef = 7D19ECB213AC427D00C4091D /* letter_b@2x.png */; };
		7D19ECB913AC427F00C4091D /* letter_g.png in Resources */ = {isa = PBXBuildFile; fileRef = 7D19ECB313AC427E00C4091D /* letter_g.png */; };
		7D19ECBA13AC427F00C4091D /* letter_g@2x.png in Resources */ = {isa = PBXBuildFile; fileRef = 7D19ECB413AC427E00C4091D /* letter_g@2x.png */; };
		7D19ECBB13AC427F00C4091D /* letter_r.png in Resources */ = {isa = PBXBuildFile; fileRef = 7D19ECB513AC427F00C4091D /* letter_r.png */; };
		7D19ECBC13AC427F00C4091D /* letter_r@2x.png in Resources */ = {isa = PBXBuildFile; fileRef = 7D19ECB613AC427F00C4091D /* letter_r@2x.png */; };
		7D19ECBF13AC44D200C4091D /* bottom_bar_bg.png in Resources */ = {isa = PBXBuildFile; fileRef = 7D19ECBD13AC44D200C4091D /* bottom_bar_bg.png */; };
		7D19ECC013AC44D200C4091D /* bottom_bar_bg@2x.png in Resources */ = {isa = PBXBuildFile; fileRef = 7D19ECBE13AC44D200C4091D /* bottom_bar_bg@2x.png */; };
		7D19ECC313AC46DD00C4091D /* my_pic.png in Resources */ = {isa = PBXBuildFile; fileRef = 7D19ECC113AC46DC00C4091D /* my_pic.png */; };
		7D19ECC413AC46DD00C4091D /* my_pic@2x.png in Resources */ = {isa = PBXBuildFile; fileRef = 7D19ECC213AC46DD00C4091D /* my_pic@2x.png */; };
		7D19ECC713AC4BF500C4091D /* github_logo.png in Resources */ = {isa = PBXBuildFile; fileRef = 7D19ECC513AC4BF400C4091D /* github_logo.png */; };
		7D19ECC813AC4BF500C4091D /* github_logo@2x.png in Resources */ = {isa = PBXBuildFile; fileRef = 7D19ECC613AC4BF400C4091D /* github_logo@2x.png */; };
		7D19ECCB13AC4F6E00C4091D /* get_the_code_button.png in Resources */ = {isa = PBXBuildFile; fileRef = 7D19ECC913AC4F6E00C4091D /* get_the_code_button.png */; };
		7D19ECCC13AC4F6E00C4091D /* get_the_code_button@2x.png in Resources */ = {isa = PBXBuildFile; fileRef = 7D19ECCA13AC4F6E00C4091D /* get_the_code_button@2x.png */; };
		7D19ECCF13AC50AE00C4091D /* i_made_this.png in Resources */ = {isa = PBXBuildFile; fileRef = 7D19ECCD13AC50AD00C4091D /* i_made_this.png */; };
		7D19ECD013AC50AE00C4091D /* i_made_this@2x.png in Resources */ = {isa = PBXBuildFile; fileRef = 7D19ECCE13AC50AD00C4091D /* i_made_this@2x.png */; };
		7D7B58E3136B15C6007C0AA9 /* blue_bar.png in Resources */ = {isa = PBXBuildFile; fileRef = 7D7B58E1136B15C6007C0AA9 /* blue_bar.png */; };
		7D7B58E4136B15C6007C0AA9 /* blue_bar@2x.png in Resources */ = {isa = PBXBuildFile; fileRef = 7D7B58E2136B15C6007C0AA9 /* blue_bar@2x.png */; };
		7DBEB42B136B456A002305FF /* black_bar.png in Resources */ = {isa = PBXBuildFile; fileRef = 7DBEB427136B456A002305FF /* black_bar.png */; };
		7DBEB42C136B456A002305FF /* black_bar@2x.png in Resources */ = {isa = PBXBuildFile; fileRef = 7DBEB428136B456A002305FF /* black_bar@2x.png */; };
		7DBEB42D136B456A002305FF /* brown_bar.png in Resources */ = {isa = PBXBuildFile; fileRef = 7DBEB429136B456A002305FF /* brown_bar.png */; };
		7DBEB42E136B456A002305FF /* brown_bar@2x.png in Resources */ = {isa = PBXBuildFile; fileRef = 7DBEB42A136B456A002305FF /* brown_bar@2x.png */; };
		7DE6AD5A1357F100007D6B75 /* UIKit.framework in Frameworks */ = {isa = PBXBuildFile; fileRef = 7DE6AD591357F100007D6B75 /* UIKit.framework */; };
		7DE6AD5C1357F100007D6B75 /* Foundation.framework in Frameworks */ = {isa = PBXBuildFile; fileRef = 7DE6AD5B1357F100007D6B75 /* Foundation.framework */; };
		7DE6AD5E1357F100007D6B75 /* CoreGraphics.framework in Frameworks */ = {isa = PBXBuildFile; fileRef = 7DE6AD5D1357F100007D6B75 /* CoreGraphics.framework */; };
		7DE6AD641357F100007D6B75 /* InfoPlist.strings in Resources */ = {isa = PBXBuildFile; fileRef = 7DE6AD621357F100007D6B75 /* InfoPlist.strings */; };
		7DE6AD671357F100007D6B75 /* main.m in Sources */ = {isa = PBXBuildFile; fileRef = 7DE6AD661357F100007D6B75 /* main.m */; };
		7DE6AD6A1357F100007D6B75 /* CoolButtonsAppDelegate.m in Sources */ = {isa = PBXBuildFile; fileRef = 7DE6AD691357F100007D6B75 /* CoolButtonsAppDelegate.m */; };
		7DE6AD6D1357F100007D6B75 /* MainWindow.xib in Resources */ = {isa = PBXBuildFile; fileRef = 7DE6AD6B1357F100007D6B75 /* MainWindow.xib */; };
		7DE6AD751357F18B007D6B75 /* CoolButtonsViewController.m in Sources */ = {isa = PBXBuildFile; fileRef = 7DE6AD741357F18B007D6B75 /* CoolButtonsViewController.m */; };
		7DE6AD781357F2EA007D6B75 /* CoolButton.m in Sources */ = {isa = PBXBuildFile; fileRef = 7DE6AD771357F2EA007D6B75 /* CoolButton.m */; };
		7DE6AD8213588DD4007D6B75 /* QuartzCore.framework in Frameworks */ = {isa = PBXBuildFile; fileRef = 7DE6AD8113588DD4007D6B75 /* QuartzCore.framework */; };
		7DE6AD8C1358E526007D6B75 /* sync_button.png in Resources */ = {isa = PBXBuildFile; fileRef = 7DE6AD8B1358E526007D6B75 /* sync_button.png */; };
/* End PBXBuildFile section */

/* Begin PBXFileReference section */
		7D19EC9113ABF26600C4091D /* background.png */ = {isa = PBXFileReference; lastKnownFileType = image.png; name = background.png; path = images/background.png; sourceTree = "<group>"; };
		7D19EC9313ABF49E00C4091D /* CoolButtons.xib */ = {isa = PBXFileReference; fileEncoding = 4; lastKnownFileType = file.xib; path = CoolButtons.xib; sourceTree = "<group>"; };
		7D19EC9513ABF6B300C4091D /* header.png */ = {isa = PBXFileReference; lastKnownFileType = image.png; name = header.png; path = images/header.png; sourceTree = "<group>"; };
		7D19EC9613ABF6B300C4091D /* header@2x.png */ = {isa = PBXFileReference; lastKnownFileType = image.png; name = "header@2x.png"; path = "images/header@2x.png"; sourceTree = "<group>"; };
		7D19EC9913AC2C0C00C4091D /* color_popover_bg.png */ = {isa = PBXFileReference; lastKnownFileType = image.png; name = color_popover_bg.png; path = images/color_popover_bg.png; sourceTree = "<group>"; };
		7D19EC9A13AC2C0C00C4091D /* color_popover_bg@2x.png */ = {isa = PBXFileReference; lastKnownFileType = image.png; name = "color_popover_bg@2x.png"; path = "images/color_popover_bg@2x.png"; sourceTree = "<group>"; };
		7D19EC9D13AC2DA500C4091D /* drop_shadow_bg.png */ = {isa = PBXFileReference; lastKnownFileType = image.png; name = drop_shadow_bg.png; path = images/drop_shadow_bg.png; sourceTree = "<group>"; };
		7D19EC9E13AC2DA500C4091D /* drop_shadow_bg@2x.png */ = {isa = PBXFileReference; lastKnownFileType = image.png; name = "drop_shadow_bg@2x.png"; path = "images/drop_shadow_bg@2x.png"; sourceTree = "<group>"; };
		7D19ECA113AC351E00C4091D /* blue_slider_min_image.png */ = {isa = PBXFileReference; lastKnownFileType = image.png; name = blue_slider_min_image.png; path = images/blue_slider_min_image.png; sourceTree = "<group>"; };
		7D19ECA213AC351E00C4091D /* blue_slider_min_image@2x.png */ = {isa = PBXFileReference; lastKnownFileType = image.png; name = "blue_slider_min_image@2x.png"; path = "images/blue_slider_min_image@2x.png"; sourceTree = "<group>"; };
		7D19ECA313AC351E00C4091D /* green_slider_min_image.png */ = {isa = PBXFileReference; lastKnownFileType = image.png; name = green_slider_min_image.png; path = images/green_slider_min_image.png; sourceTree = "<group>"; };
		7D19ECA413AC351E00C4091D /* green_slider_min_image@2x.png */ = {isa = PBXFileReference; lastKnownFileType = image.png; name = "green_slider_min_image@2x.png"; path = "images/green_slider_min_image@2x.png"; sourceTree = "<group>"; };
		7D19ECA513AC351E00C4091D /* grey_slider_max_image.png */ = {isa = PBXFileReference; lastKnownFileType = image.png; name = grey_slider_max_image.png; path = images/grey_slider_max_image.png; sourceTree = "<group>"; };
		7D19ECA613AC351E00C4091D /* grey_slider_max_image@2x.png */ = {isa = PBXFileReference; lastKnownFileType = image.png; name = "grey_slider_max_image@2x.png"; path = "images/grey_slider_max_image@2x.png"; sourceTree = "<group>"; };
		7D19ECA713AC351E00C4091D /* red_slider_min_image.png */ = {isa = PBXFileReference; lastKnownFileType = image.png; name = red_slider_min_image.png; path = images/red_slider_min_image.png; sourceTree = "<group>"; };
		7D19ECA813AC351E00C4091D /* red_slider_min_image@2x.png */ = {isa = PBXFileReference; lastKnownFileType = image.png; name = "red_slider_min_image@2x.png"; path = "images/red_slider_min_image@2x.png"; sourceTree = "<group>"; };
		7D19ECB113AC427D00C4091D /* letter_b.png */ = {isa = PBXFileReference; lastKnownFileType = image.png; name = letter_b.png; path = images/letter_b.png; sourceTree = "<group>"; };
		7D19ECB213AC427D00C4091D /* letter_b@2x.png */ = {isa = PBXFileReference; lastKnownFileType = image.png; name = "letter_b@2x.png"; path = "images/letter_b@2x.png"; sourceTree = "<group>"; };
		7D19ECB313AC427E00C4091D /* letter_g.png */ = {isa = PBXFileReference; lastKnownFileType = image.png; name = letter_g.png; path = images/letter_g.png; sourceTree = "<group>"; };
		7D19ECB413AC427E00C4091D /* letter_g@2x.png */ = {isa = PBXFileReference; lastKnownFileType = image.png; name = "letter_g@2x.png"; path = "images/letter_g@2x.png"; sourceTree = "<group>"; };
		7D19ECB513AC427F00C4091D /* letter_r.png */ = {isa = PBXFileReference; lastKnownFileType = image.png; name = letter_r.png; path = images/letter_r.png; sourceTree = "<group>"; };
		7D19ECB613AC427F00C4091D /* letter_r@2x.png */ = {isa = PBXFileReference; lastKnownFileType = image.png; name = "letter_r@2x.png"; path = "images/letter_r@2x.png"; sourceTree = "<group>"; };
		7D19ECBD13AC44D200C4091D /* bottom_bar_bg.png */ = {isa = PBXFileReference; lastKnownFileType = image.png; name = bottom_bar_bg.png; path = images/bottom_bar_bg.png; sourceTree = "<group>"; };
		7D19ECBE13AC44D200C4091D /* bottom_bar_bg@2x.png */ = {isa = PBXFileReference; lastKnownFileType = image.png; name = "bottom_bar_bg@2x.png"; path = "images/bottom_bar_bg@2x.png"; sourceTree = "<group>"; };
		7D19ECC113AC46DC00C4091D /* my_pic.png */ = {isa = PBXFileReference; lastKnownFileType = image.png; name = my_pic.png; path = images/my_pic.png; sourceTree = "<group>"; };
		7D19ECC213AC46DD00C4091D /* my_pic@2x.png */ = {isa = PBXFileReference; lastKnownFileType = image.png; name = "my_pic@2x.png"; path = "images/my_pic@2x.png"; sourceTree = "<group>"; };
		7D19ECC513AC4BF400C4091D /* github_logo.png */ = {isa = PBXFileReference; lastKnownFileType = image.png; name = github_logo.png; path = images/github_logo.png; sourceTree = "<group>"; };
		7D19ECC613AC4BF400C4091D /* github_logo@2x.png */ = {isa = PBXFileReference; lastKnownFileType = image.png; name = "github_logo@2x.png"; path = "images/github_logo@2x.png"; sourceTree = "<group>"; };
		7D19ECC913AC4F6E00C4091D /* get_the_code_button.png */ = {isa = PBXFileReference; lastKnownFileType = image.png; name = get_the_code_button.png; path = images/get_the_code_button.png; sourceTree = "<group>"; };
		7D19ECCA13AC4F6E00C4091D /* get_the_code_button@2x.png */ = {isa = PBXFileReference; lastKnownFileType = image.png; name = "get_the_code_button@2x.png"; path = "images/get_the_code_button@2x.png"; sourceTree = "<group>"; };
		7D19ECCD13AC50AD00C4091D /* i_made_this.png */ = {isa = PBXFileReference; lastKnownFileType = image.png; name = i_made_this.png; path = images/i_made_this.png; sourceTree = "<group>"; };
		7D19ECCE13AC50AD00C4091D /* i_made_this@2x.png */ = {isa = PBXFileReference; lastKnownFileType = image.png; name = "i_made_this@2x.png"; path = "images/i_made_this@2x.png"; sourceTree = "<group>"; };
		7D7B58E1136B15C6007C0AA9 /* blue_bar.png */ = {isa = PBXFileReference; lastKnownFileType = image.png; name = blue_bar.png; path = images/blue_bar.png; sourceTree = "<group>"; };
		7D7B58E2136B15C6007C0AA9 /* blue_bar@2x.png */ = {isa = PBXFileReference; lastKnownFileType = image.png; name = "blue_bar@2x.png"; path = "images/blue_bar@2x.png"; sourceTree = "<group>"; };
		7DBEB427136B456A002305FF /* black_bar.png */ = {isa = PBXFileReference; lastKnownFileType = image.png; name = black_bar.png; path = images/black_bar.png; sourceTree = "<group>"; };
		7DBEB428136B456A002305FF /* black_bar@2x.png */ = {isa = PBXFileReference; lastKnownFileType = image.png; name = "black_bar@2x.png"; path = "images/black_bar@2x.png"; sourceTree = "<group>"; };
		7DBEB429136B456A002305FF /* brown_bar.png */ = {isa = PBXFileReference; lastKnownFileType = image.png; name = brown_bar.png; path = images/brown_bar.png; sourceTree = "<group>"; };
		7DBEB42A136B456A002305FF /* brown_bar@2x.png */ = {isa = PBXFileReference; lastKnownFileType = image.png; name = "brown_bar@2x.png"; path = "images/brown_bar@2x.png"; sourceTree = "<group>"; };
		7DE6AD551357F100007D6B75 /* CoolButtons.app */ = {isa = PBXFileReference; explicitFileType = wrapper.application; includeInIndex = 0; path = CoolButtons.app; sourceTree = BUILT_PRODUCTS_DIR; };
		7DE6AD591357F100007D6B75 /* UIKit.framework */ = {isa = PBXFileReference; lastKnownFileType = wrapper.framework; name = UIKit.framework; path = System/Library/Frameworks/UIKit.framework; sourceTree = SDKROOT; };
		7DE6AD5B1357F100007D6B75 /* Foundation.framework */ = {isa = PBXFileReference; lastKnownFileType = wrapper.framework; name = Foundation.framework; path = System/Library/Frameworks/Foundation.framework; sourceTree = SDKROOT; };
		7DE6AD5D1357F100007D6B75 /* CoreGraphics.framework */ = {isa = PBXFileReference; lastKnownFileType = wrapper.framework; name = CoreGraphics.framework; path = System/Library/Frameworks/CoreGraphics.framework; sourceTree = SDKROOT; };
		7DE6AD611357F100007D6B75 /* CoolButtons-Info.plist */ = {isa = PBXFileReference; lastKnownFileType = text.plist.xml; path = "CoolButtons-Info.plist"; sourceTree = "<group>"; };
		7DE6AD631357F100007D6B75 /* en */ = {isa = PBXFileReference; lastKnownFileType = text.plist.strings; name = en; path = en.lproj/InfoPlist.strings; sourceTree = "<group>"; };
		7DE6AD651357F100007D6B75 /* CoolButtons-Prefix.pch */ = {isa = PBXFileReference; lastKnownFileType = sourcecode.c.h; path = "CoolButtons-Prefix.pch"; sourceTree = "<group>"; };
		7DE6AD661357F100007D6B75 /* main.m */ = {isa = PBXFileReference; lastKnownFileType = sourcecode.c.objc; path = main.m; sourceTree = "<group>"; };
		7DE6AD681357F100007D6B75 /* CoolButtonsAppDelegate.h */ = {isa = PBXFileReference; lastKnownFileType = sourcecode.c.h; path = CoolButtonsAppDelegate.h; sourceTree = "<group>"; };
		7DE6AD691357F100007D6B75 /* CoolButtonsAppDelegate.m */ = {isa = PBXFileReference; lastKnownFileType = sourcecode.c.objc; path = CoolButtonsAppDelegate.m; sourceTree = "<group>"; };
		7DE6AD6C1357F100007D6B75 /* en */ = {isa = PBXFileReference; lastKnownFileType = file.xib; name = en; path = en.lproj/MainWindow.xib; sourceTree = "<group>"; };
		7DE6AD731357F18B007D6B75 /* CoolButtonsViewController.h */ = {isa = PBXFileReference; fileEncoding = 4; lastKnownFileType = sourcecode.c.h; path = CoolButtonsViewController.h; sourceTree = "<group>"; };
		7DE6AD741357F18B007D6B75 /* CoolButtonsViewController.m */ = {isa = PBXFileReference; fileEncoding = 4; lastKnownFileType = sourcecode.c.objc; path = CoolButtonsViewController.m; sourceTree = "<group>"; };
		7DE6AD761357F2EA007D6B75 /* CoolButton.h */ = {isa = PBXFileReference; fileEncoding = 4; lastKnownFileType = sourcecode.c.h; path = CoolButton.h; sourceTree = "<group>"; };
		7DE6AD771357F2EA007D6B75 /* CoolButton.m */ = {isa = PBXFileReference; fileEncoding = 4; lastKnownFileType = sourcecode.c.objc; path = CoolButton.m; sourceTree = "<group>"; };
		7DE6AD8113588DD4007D6B75 /* QuartzCore.framework */ = {isa = PBXFileReference; lastKnownFileType = wrapper.framework; name = QuartzCore.framework; path = System/Library/Frameworks/QuartzCore.framework; sourceTree = SDKROOT; };
		7DE6AD8B1358E526007D6B75 /* sync_button.png */ = {isa = PBXFileReference; lastKnownFileType = image.png; path = sync_button.png; sourceTree = "<group>"; };
/* End PBXFileReference section */

/* Begin PBXFrameworksBuildPhase section */
		7DE6AD521357F100007D6B75 /* Frameworks */ = {
			isa = PBXFrameworksBuildPhase;
			buildActionMask = 2147483647;
			files = (
				7DE6AD8213588DD4007D6B75 /* QuartzCore.framework in Frameworks */,
				7DE6AD5A1357F100007D6B75 /* UIKit.framework in Frameworks */,
				7DE6AD5C1357F100007D6B75 /* Foundation.framework in Frameworks */,
				7DE6AD5E1357F100007D6B75 /* CoreGraphics.framework in Frameworks */,
			);
			runOnlyForDeploymentPostprocessing = 0;
		};
/* End PBXFrameworksBuildPhase section */

/* Begin PBXGroup section */
		7D7B58DD136B13BC007C0AA9 /* Images */ = {
			isa = PBXGroup;
			children = (
				7D19ECB113AC427D00C4091D /* letter_b.png */,
				7D19ECB213AC427D00C4091D /* letter_b@2x.png */,
				7D19ECB313AC427E00C4091D /* letter_g.png */,
				7D19ECB413AC427E00C4091D /* letter_g@2x.png */,
				7D19ECB513AC427F00C4091D /* letter_r.png */,
				7D19ECC513AC4BF400C4091D /* github_logo.png */,
				7D19ECC613AC4BF400C4091D /* github_logo@2x.png */,
				7D19ECB613AC427F00C4091D /* letter_r@2x.png */,
				7D19ECA113AC351E00C4091D /* blue_slider_min_image.png */,
				7D19ECA213AC351E00C4091D /* blue_slider_min_image@2x.png */,
				7D19ECA313AC351E00C4091D /* green_slider_min_image.png */,
				7D19ECBD13AC44D200C4091D /* bottom_bar_bg.png */,
				7D19ECBE13AC44D200C4091D /* bottom_bar_bg@2x.png */,
				7D19ECA413AC351E00C4091D /* green_slider_min_image@2x.png */,
				7D19ECA513AC351E00C4091D /* grey_slider_max_image.png */,
				7D19ECCD13AC50AD00C4091D /* i_made_this.png */,
				7D19ECCE13AC50AD00C4091D /* i_made_this@2x.png */,
				7D19ECC913AC4F6E00C4091D /* get_the_code_button.png */,
				7D19ECCA13AC4F6E00C4091D /* get_the_code_button@2x.png */,
				7D19ECC113AC46DC00C4091D /* my_pic.png */,
				7D19ECC213AC46DD00C4091D /* my_pic@2x.png */,
				7D19ECA613AC351E00C4091D /* grey_slider_max_image@2x.png */,
				7D19ECA713AC351E00C4091D /* red_slider_min_image.png */,
				7D19ECA813AC351E00C4091D /* red_slider_min_image@2x.png */,
				7D19EC9D13AC2DA500C4091D /* drop_shadow_bg.png */,
				7D19EC9E13AC2DA500C4091D /* drop_shadow_bg@2x.png */,
				7D19EC9913AC2C0C00C4091D /* color_popover_bg.png */,
				7D19EC9A13AC2C0C00C4091D /* color_popover_bg@2x.png */,
				7D19EC9513ABF6B300C4091D /* header.png */,
				7D19EC9613ABF6B300C4091D /* header@2x.png */,
				7D19EC9113ABF26600C4091D /* background.png */,
				7DBEB427136B456A002305FF /* black_bar.png */,
				7DBEB428136B456A002305FF /* black_bar@2x.png */,
				7DBEB429136B456A002305FF /* brown_bar.png */,
				7DBEB42A136B456A002305FF /* brown_bar@2x.png */,
				7D7B58E1136B15C6007C0AA9 /* blue_bar.png */,
				7D7B58E2136B15C6007C0AA9 /* blue_bar@2x.png */,
			);
			name = Images;
			sourceTree = "<group>";
		};
		7DE6AD4A1357F100007D6B75 = {
			isa = PBXGroup;
			children = (
				7DE6AD8113588DD4007D6B75 /* QuartzCore.framework */,
				7DE6AD5F1357F100007D6B75 /* CoolButtons */,
				7DE6AD581357F100007D6B75 /* Frameworks */,
				7DE6AD561357F100007D6B75 /* Products */,
			);
			sourceTree = "<group>";
		};
		7DE6AD561357F100007D6B75 /* Products */ = {
			isa = PBXGroup;
			children = (
				7DE6AD551357F100007D6B75 /* CoolButtons.app */,
			);
			name = Products;
			sourceTree = "<group>";
		};
		7DE6AD581357F100007D6B75 /* Frameworks */ = {
			isa = PBXGroup;
			children = (
				7DE6AD591357F100007D6B75 /* UIKit.framework */,
				7DE6AD5B1357F100007D6B75 /* Foundation.framework */,
				7DE6AD5D1357F100007D6B75 /* CoreGraphics.framework */,
			);
			name = Frameworks;
			sourceTree = "<group>";
		};
		7DE6AD5F1357F100007D6B75 /* CoolButtons */ = {
			isa = PBXGroup;
			children = (
				7D7B58DD136B13BC007C0AA9 /* Images */,
				7DE6AD681357F100007D6B75 /* CoolButtonsAppDelegate.h */,
				7DE6AD691357F100007D6B75 /* CoolButtonsAppDelegate.m */,
				7DE6AD6B1357F100007D6B75 /* MainWindow.xib */,
				7DE6AD601357F100007D6B75 /* Supporting Files */,
				7DE6AD731357F18B007D6B75 /* CoolButtonsViewController.h */,
				7DE6AD741357F18B007D6B75 /* CoolButtonsViewController.m */,
				7DE6AD761357F2EA007D6B75 /* CoolButton.h */,
				7DE6AD771357F2EA007D6B75 /* CoolButton.m */,
				7D19EC9313ABF49E00C4091D /* CoolButtons.xib */,
			);
			path = CoolButtons;
			sourceTree = "<group>";
		};
		7DE6AD601357F100007D6B75 /* Supporting Files */ = {
			isa = PBXGroup;
			children = (
				7DE6AD8B1358E526007D6B75 /* sync_button.png */,
				7DE6AD611357F100007D6B75 /* CoolButtons-Info.plist */,
				7DE6AD621357F100007D6B75 /* InfoPlist.strings */,
				7DE6AD651357F100007D6B75 /* CoolButtons-Prefix.pch */,
				7DE6AD661357F100007D6B75 /* main.m */,
			);
			name = "Supporting Files";
			sourceTree = "<group>";
		};
/* End PBXGroup section */

/* Begin PBXNativeTarget section */
		7DE6AD541357F100007D6B75 /* CoolButtons */ = {
			isa = PBXNativeTarget;
			buildConfigurationList = 7DE6AD701357F100007D6B75 /* Build configuration list for PBXNativeTarget "CoolButtons" */;
			buildPhases = (
				7DE6AD511357F100007D6B75 /* Sources */,
				7DE6AD521357F100007D6B75 /* Frameworks */,
				7DE6AD531357F100007D6B75 /* Resources */,
			);
			buildRules = (
			);
			dependencies = (
			);
			name = CoolButtons;
			productName = CoolButtons;
			productReference = 7DE6AD551357F100007D6B75 /* CoolButtons.app */;
			productType = "com.apple.product-type.application";
		};
/* End PBXNativeTarget section */

/* Begin PBXProject section */
		7DE6AD4C1357F100007D6B75 /* Project object */ = {
			isa = PBXProject;
			attributes = {
				ORGANIZATIONNAME = "Relevance, Inc.";
			};
			buildConfigurationList = 7DE6AD4F1357F100007D6B75 /* Build configuration list for PBXProject "CoolButtons" */;
			compatibilityVersion = "Xcode 3.2";
			developmentRegion = English;
			hasScannedForEncodings = 0;
			knownRegions = (
				en,
			);
			mainGroup = 7DE6AD4A1357F100007D6B75;
			productRefGroup = 7DE6AD561357F100007D6B75 /* Products */;
			projectDirPath = "";
			projectRoot = "";
			targets = (
				7DE6AD541357F100007D6B75 /* CoolButtons */,
			);
		};
/* End PBXProject section */

/* Begin PBXResourcesBuildPhase section */
		7DE6AD531357F100007D6B75 /* Resources */ = {
			isa = PBXResourcesBuildPhase;
			buildActionMask = 2147483647;
			files = (
				7DE6AD641357F100007D6B75 /* InfoPlist.strings in Resources */,
				7DE6AD6D1357F100007D6B75 /* MainWindow.xib in Resources */,
				7DE6AD8C1358E526007D6B75 /* sync_button.png in Resources */,
				7D7B58E3136B15C6007C0AA9 /* blue_bar.png in Resources */,
				7D7B58E4136B15C6007C0AA9 /* blue_bar@2x.png in Resources */,
				7DBEB42B136B456A002305FF /* black_bar.png in Resources */,
				7DBEB42C136B456A002305FF /* black_bar@2x.png in Resources */,
				7DBEB42D136B456A002305FF /* brown_bar.png in Resources */,
				7DBEB42E136B456A002305FF /* brown_bar@2x.png in Resources */,
				7D19EC9213ABF26600C4091D /* background.png in Resources */,
				7D19EC9413ABF49E00C4091D /* CoolButtons.xib in Resources */,
				7D19EC9713ABF6B300C4091D /* header.png in Resources */,
				7D19EC9813ABF6B300C4091D /* header@2x.png in Resources */,
				7D19EC9B13AC2C0C00C4091D /* color_popover_bg.png in Resources */,
				7D19EC9C13AC2C0C00C4091D /* color_popover_bg@2x.png in Resources */,
				7D19EC9F13AC2DA500C4091D /* drop_shadow_bg.png in Resources */,
				7D19ECA013AC2DA500C4091D /* drop_shadow_bg@2x.png in Resources */,
				7D19ECA913AC351E00C4091D /* blue_slider_min_image.png in Resources */,
				7D19ECAA13AC351E00C4091D /* blue_slider_min_image@2x.png in Resources */,
				7D19ECAB13AC351E00C4091D /* green_slider_min_image.png in Resources */,
				7D19ECAC13AC351E00C4091D /* green_slider_min_image@2x.png in Resources */,
				7D19ECAD13AC351E00C4091D /* grey_slider_max_image.png in Resources */,
				7D19ECAE13AC351E00C4091D /* grey_slider_max_image@2x.png in Resources */,
				7D19ECAF13AC351E00C4091D /* red_slider_min_image.png in Resources */,
				7D19ECB013AC351E00C4091D /* red_slider_min_image@2x.png in Resources */,
				7D19ECB713AC427F00C4091D /* letter_b.png in Resources */,
				7D19ECB813AC427F00C4091D /* letter_b@2x.png in Resources */,
				7D19ECB913AC427F00C4091D /* letter_g.png in Resources */,
				7D19ECBA13AC427F00C4091D /* letter_g@2x.png in Resources */,
				7D19ECBB13AC427F00C4091D /* letter_r.png in Resources */,
				7D19ECBC13AC427F00C4091D /* letter_r@2x.png in Resources */,
				7D19ECBF13AC44D200C4091D /* bottom_bar_bg.png in Resources */,
				7D19ECC013AC44D200C4091D /* bottom_bar_bg@2x.png in Resources */,
				7D19ECC313AC46DD00C4091D /* my_pic.png in Resources */,
				7D19ECC413AC46DD00C4091D /* my_pic@2x.png in Resources */,
				7D19ECC713AC4BF500C4091D /* github_logo.png in Resources */,
				7D19ECC813AC4BF500C4091D /* github_logo@2x.png in Resources */,
				7D19ECCB13AC4F6E00C4091D /* get_the_code_button.png in Resources */,
				7D19ECCC13AC4F6E00C4091D /* get_the_code_button@2x.png in Resources */,
				7D19ECCF13AC50AE00C4091D /* i_made_this.png in Resources */,
				7D19ECD013AC50AE00C4091D /* i_made_this@2x.png in Resources */,
			);
			runOnlyForDeploymentPostprocessing = 0;
		};
/* End PBXResourcesBuildPhase section */

/* Begin PBXSourcesBuildPhase section */
		7DE6AD511357F100007D6B75 /* Sources */ = {
			isa = PBXSourcesBuildPhase;
			buildActionMask = 2147483647;
			files = (
				7DE6AD671357F100007D6B75 /* main.m in Sources */,
				7DE6AD6A1357F100007D6B75 /* CoolButtonsAppDelegate.m in Sources */,
				7DE6AD751357F18B007D6B75 /* CoolButtonsViewController.m in Sources */,
				7DE6AD781357F2EA007D6B75 /* CoolButton.m in Sources */,
			);
			runOnlyForDeploymentPostprocessing = 0;
		};
/* End PBXSourcesBuildPhase section */

/* Begin PBXVariantGroup section */
		7DE6AD621357F100007D6B75 /* InfoPlist.strings */ = {
			isa = PBXVariantGroup;
			children = (
				7DE6AD631357F100007D6B75 /* en */,
			);
			name = InfoPlist.strings;
			sourceTree = "<group>";
		};
		7DE6AD6B1357F100007D6B75 /* MainWindow.xib */ = {
			isa = PBXVariantGroup;
			children = (
				7DE6AD6C1357F100007D6B75 /* en */,
			);
			name = MainWindow.xib;
			sourceTree = "<group>";
		};
/* End PBXVariantGroup section */

/* Begin XCBuildConfiguration section */
		7DE6AD6E1357F100007D6B75 /* Debug */ = {
			isa = XCBuildConfiguration;
			buildSettings = {
				ARCHS = "$(ARCHS_STANDARD_32_BIT)";
				"CODE_SIGN_IDENTITY[sdk=iphoneos*]" = "iPhone Developer";
				GCC_C_LANGUAGE_STANDARD = gnu99;
				GCC_OPTIMIZATION_LEVEL = 0;
				GCC_PREPROCESSOR_DEFINITIONS = DEBUG;
				GCC_SYMBOLS_PRIVATE_EXTERN = NO;
				GCC_VERSION = com.apple.compilers.llvmgcc42;
				GCC_WARN_ABOUT_RETURN_TYPE = YES;
				GCC_WARN_UNUSED_VARIABLE = YES;
				IPHONEOS_DEPLOYMENT_TARGET = 5.0;
				SDKROOT = iphoneos;
			};
			name = Debug;
		};
		7DE6AD6F1357F100007D6B75 /* Release */ = {
			isa = XCBuildConfiguration;
			buildSettings = {
				ARCHS = "$(ARCHS_STANDARD_32_BIT)";
				"CODE_SIGN_IDENTITY[sdk=iphoneos*]" = "iPhone Developer";
				GCC_C_LANGUAGE_STANDARD = gnu99;
				GCC_VERSION = com.apple.compilers.llvmgcc42;
				GCC_WARN_ABOUT_RETURN_TYPE = YES;
				GCC_WARN_UNUSED_VARIABLE = YES;
				IPHONEOS_DEPLOYMENT_TARGET = 5.0;
				OTHER_CFLAGS = "-DNS_BLOCK_ASSERTIONS=1";
				SDKROOT = iphoneos;
			};
			name = Release;
		};
		7DE6AD711357F100007D6B75 /* Debug */ = {
			isa = XCBuildConfiguration;
			buildSettings = {
				ALWAYS_SEARCH_USER_PATHS = NO;
				COPY_PHASE_STRIP = NO;
				GCC_DYNAMIC_NO_PIC = NO;
				GCC_PRECOMPILE_PREFIX_HEADER = YES;
				GCC_PREFIX_HEADER = "CoolButtons/CoolButtons-Prefix.pch";
				INFOPLIST_FILE = "CoolButtons/CoolButtons-Info.plist";
				IPHONEOS_DEPLOYMENT_TARGET = 4.2;
				PRODUCT_NAME = "$(TARGET_NAME)";
				WRAPPER_EXTENSION = app;
			};
			name = Debug;
		};
		7DE6AD721357F100007D6B75 /* Release */ = {
			isa = XCBuildConfiguration;
			buildSettings = {
				ALWAYS_SEARCH_USER_PATHS = NO;
				COPY_PHASE_STRIP = YES;
				GCC_PRECOMPILE_PREFIX_HEADER = YES;
				GCC_PREFIX_HEADER = "CoolButtons/CoolButtons-Prefix.pch";
				INFOPLIST_FILE = "CoolButtons/CoolButtons-Info.plist";
				IPHONEOS_DEPLOYMENT_TARGET = 4.2;
				PRODUCT_NAME = "$(TARGET_NAME)";
				VALIDATE_PRODUCT = YES;
				WRAPPER_EXTENSION = app;
			};
			name = Release;
		};
/* End XCBuildConfiguration section */

/* Begin XCConfigurationList section */
		7DE6AD4F1357F100007D6B75 /* Build configuration list for PBXProject "CoolButtons" */ = {
			isa = XCConfigurationList;
			buildConfigurations = (
				7DE6AD6E1357F100007D6B75 /* Debug */,
				7DE6AD6F1357F100007D6B75 /* Release */,
			);
			defaultConfigurationIsVisible = 0;
			defaultConfigurationName = Release;
		};
		7DE6AD701357F100007D6B75 /* Build configuration list for PBXNativeTarget "CoolButtons" */ = {
			isa = XCConfigurationList;
			buildConfigurations = (
				7DE6AD711357F100007D6B75 /* Debug */,
				7DE6AD721357F100007D6B75 /* Release */,
			);
			defaultConfigurationIsVisible = 0;
			defaultConfigurationName = Release;
		};
/* End XCConfigurationList section */
	};
	rootObject = 7DE6AD4C1357F100007D6B75 /* Project object */;
}
